
Microsoft Visual Studio Solution File, Format Version 12.00
# Visual Studio Version 16
Project("{8BC9CEB8-8B4A-11D0-8D11-00A0C91BC942}") = "ALL_BUILD", "ALL_BUILD.vcxproj", "{884F1C9F-6220-376E-8119-04ACE1A425A1}"
	ProjectSection(ProjectDependencies) = postProject
		{8E22926E-C1DE-3233-854F-BE8E518243FD} = {8E22926E-C1DE-3233-854F-BE8E518243FD}
		{D2384388-CE21-3D09-8A3B-2FB39A00C58B} = {D2384388-CE21-3D09-8A3B-2FB39A00C58B}
		{11F0CAAB-AF0A-3DAD-944B-8F37FE24A877} = {11F0CAAB-AF0A-3DAD-944B-8F37FE24A877}
		{EBF410E6-5743-3B66-A4C1-54A955A6E8A4} = {EBF410E6-5743-3B66-A4C1-54A955A6E8A4}
		{D47E15C9-E337-35E3-84F0-EC7E75A3DD91} = {D47E15C9-E337-35E3-84F0-EC7E75A3DD91}
		{46B4DE04-1F17-38F3-B251-2FF443F154F9} = {46B4DE04-1F17-38F3-B251-2FF443F154F9}
		{E4EF266D-9701-366A-9348-5EA532D79A11} = {E4EF266D-9701-366A-9348-5EA532D79A11}
		{85CA36F2-934E-31A9-988A-C0A681AF1F2E} = {85CA36F2-934E-31A9-988A-C0A681AF1F2E}
		{174A36A2-A4C7-3A3C-A647-33B4CFE56FC5} = {174A36A2-A4C7-3A3C-A647-33B4CFE56FC5}
		{A15A07B2-6530-37F7-BACE-11BE4530E630} = {A15A07B2-6530-37F7-BACE-11BE4530E630}
		{07CF57C4-68B4-347A-BF94-CF9C108D58CD} = {07CF57C4-68B4-347A-BF94-CF9C108D58CD}
		{0E10255B-0BD4-3492-8C58-15B38E2EB392} = {0E10255B-0BD4-3492-8C58-15B38E2EB392}
		{4D109DC7-E0BE-30C2-AC3E-5B0545CCFEB3} = {4D109DC7-E0BE-30C2-AC3E-5B0545CCFEB3}
		{F3A34BB1-5D2E-352F-9640-313201F5982A} = {F3A34BB1-5D2E-352F-9640-313201F5982A}
		{B2420F35-0881-3DD3-9460-8D9A6649CF7F} = {B2420F35-0881-3DD3-9460-8D9A6649CF7F}
		{68B9A3D3-C7E4-3EE3-9511-F5B70D4B5D16} = {68B9A3D3-C7E4-3EE3-9511-F5B70D4B5D16}
		{1417BAD9-4926-31DB-8653-6260F932F4BB} = {1417BAD9-4926-31DB-8653-6260F932F4BB}
		{96192029-0BE1-3E64-A8ED-B75575A217BC} = {96192029-0BE1-3E64-A8ED-B75575A217BC}
		{1EE74161-61F7-32D4-8459-43BB9DC3BBCB} = {1EE74161-61F7-32D4-8459-43BB9DC3BBCB}
		{B88BDFE8-0E5B-3A88-BB4D-D021F6757139} = {B88BDFE8-0E5B-3A88-BB4D-D021F6757139}
		{BE212AB9-560D-3210-9B8B-7CDFE70AE62B} = {BE212AB9-560D-3210-9B8B-7CDFE70AE62B}
		{7343BC36-85E9-30CA-BD3D-5EEC7F95DC65} = {7343BC36-85E9-30CA-BD3D-5EEC7F95DC65}
		{7CAF0496-2B4A-38D5-9A85-289DD3E5FBD4} = {7CAF0496-2B4A-38D5-9A85-289DD3E5FBD4}
		{73199AD4-B562-3576-B920-C72A22175CB3} = {73199AD4-B562-3576-B920-C72A22175CB3}
		{87EB4763-9914-3E46-9938-ABB51E45DC05} = {87EB4763-9914-3E46-9938-ABB51E45DC05}
		{FB65A5B0-4B49-3996-993E-0C6B4FDB5858} = {FB65A5B0-4B49-3996-993E-0C6B4FDB5858}
		{752AC351-B5F3-3DEC-B922-47E9C6F51284} = {752AC351-B5F3-3DEC-B922-47E9C6F51284}
		{6338C705-2CFB-37CB-B467-13D6F5BFEEB0} = {6338C705-2CFB-37CB-B467-13D6F5BFEEB0}
		{B60AA7DA-8F96-3229-ADB3-563F9C1AC83A} = {B60AA7DA-8F96-3229-ADB3-563F9C1AC83A}
		{CD266757-A212-3A31-A9DB-8C5B3F59B114} = {CD266757-A212-3A31-A9DB-8C5B3F59B114}
		{B87AF829-11CB-3336-BEF1-26F52941A9E3} = {B87AF829-11CB-3336-BEF1-26F52941A9E3}
		{9E86F22C-CF24-3219-8D68-932E63BA27CB} = {9E86F22C-CF24-3219-8D68-932E63BA27CB}
		{3A0844D7-2B3F-335D-8DC7-406E03C30D5A} = {3A0844D7-2B3F-335D-8DC7-406E03C30D5A}
		{E3108501-531F-3C79-A905-45BA0B6F90FD} = {E3108501-531F-3C79-A905-45BA0B6F90FD}
		{54833F91-2D6E-3853-A569-BD9107C4CD6F} = {54833F91-2D6E-3853-A569-BD9107C4CD6F}
		{DDDEB124-B808-382B-AADD-4251E2DF57FD} = {DDDEB124-B808-382B-AADD-4251E2DF57FD}
		{0BA5C881-5940-310F-B332-F4CD9CB025BB} = {0BA5C881-5940-310F-B332-F4CD9CB025BB}
		{E5F45551-E47F-3D03-90FA-1EE6F1039300} = {E5F45551-E47F-3D03-90FA-1EE6F1039300}
		{CC232953-B24B-3CCF-B610-7E6767CA8FBD} = {CC232953-B24B-3CCF-B610-7E6767CA8FBD}
		{6BBF3642-3792-3B3D-AB7F-B98923E94AFA} = {6BBF3642-3792-3B3D-AB7F-B98923E94AFA}
		{DE99986C-7270-33C7-B16A-7125861AB6F5} = {DE99986C-7270-33C7-B16A-7125861AB6F5}
		{C3E6026F-389C-3637-9F3B-47184E134A9E} = {C3E6026F-389C-3637-9F3B-47184E134A9E}
		{551659A5-4828-384C-9D03-1DA071913A87} = {551659A5-4828-384C-9D03-1DA071913A87}
		{1A46373C-1DBB-347A-A41B-5FF282083ED1} = {1A46373C-1DBB-347A-A41B-5FF282083ED1}
		{BDB82456-1934-3FA3-9D7B-271ACD784614} = {BDB82456-1934-3FA3-9D7B-271ACD784614}
		{011DC31F-A2A3-327A-BD8A-1991EC364FF5} = {011DC31F-A2A3-327A-BD8A-1991EC364FF5}
		{1BF4D73B-BAC9-3750-A380-F41CC7B272D9} = {1BF4D73B-BAC9-3750-A380-F41CC7B272D9}
		{1CFD17B8-F5D5-330E-A9B1-72F8B63A55D6} = {1CFD17B8-F5D5-330E-A9B1-72F8B63A55D6}
		{C6D1B792-E363-3F17-8BAB-9ED4B65D3496} = {C6D1B792-E363-3F17-8BAB-9ED4B65D3496}
		{ACA6460A-0A04-3630-9F77-E5365CCD3E7C} = {ACA6460A-0A04-3630-9F77-E5365CCD3E7C}
		{6AE72D72-8D33-3A11-8BCE-DD2E160924FB} = {6AE72D72-8D33-3A11-8BCE-DD2E160924FB}
		{38E464DB-1C1A-3876-A274-B3D9647C2463} = {38E464DB-1C1A-3876-A274-B3D9647C2463}
		{5CB34729-CB98-33D6-9827-E4D792407883} = {5CB34729-CB98-33D6-9827-E4D792407883}
		{FD79BADA-9BA1-3C60-A6EF-752DF205CD2A} = {FD79BADA-9BA1-3C60-A6EF-752DF205CD2A}
		{5CBF171A-A67D-3DD3-B7D8-1171B40126C9} = {5CBF171A-A67D-3DD3-B7D8-1171B40126C9}
		{AB71EA2C-CE2C-343A-859A-516EBE526E53} = {AB71EA2C-CE2C-343A-859A-516EBE526E53}
		{C49190BE-ED59-36B9-B50D-AFA4D17FFDD6} = {C49190BE-ED59-36B9-B50D-AFA4D17FFDD6}
		{BE949F42-CB5C-37CA-9A96-99AAD8E466A8} = {BE949F42-CB5C-37CA-9A96-99AAD8E466A8}
		{56568996-9ABC-30E8-AAEC-EB24D4064649} = {56568996-9ABC-30E8-AAEC-EB24D4064649}
	EndProjectSection
EndProject
Project("{8BC9CEB8-8B4A-11D0-8D11-00A0C91BC942}") = "AllocatingMemory", "AllocatingMemory.vcxproj", "{8E22926E-C1DE-3233-854F-BE8E518243FD}"
	ProjectSection(ProjectDependencies) = postProject
		{56568996-9ABC-30E8-AAEC-EB24D4064649} = {56568996-9ABC-30E8-AAEC-EB24D4064649}
	EndProjectSection
EndProject
Project("{8BC9CEB8-8B4A-11D0-8D11-00A0C91BC942}") = "Arrays", "Arrays.vcxproj", "{D2384388-CE21-3D09-8A3B-2FB39A00C58B}"
	ProjectSection(ProjectDependencies) = postProject
		{56568996-9ABC-30E8-AAEC-EB24D4064649} = {56568996-9ABC-30E8-AAEC-EB24D4064649}
	EndProjectSection
EndProject
Project("{8BC9CEB8-8B4A-11D0-8D11-00A0C91BC942}") = "ArraysFunctions", "ArraysFunctions.vcxproj", "{11F0CAAB-AF0A-3DAD-944B-8F37FE24A877}"
	ProjectSection(ProjectDependencies) = postProject
		{56568996-9ABC-30E8-AAEC-EB24D4064649} = {56568996-9ABC-30E8-AAEC-EB24D4064649}
	EndProjectSection
EndProject
Project("{8BC9CEB8-8B4A-11D0-8D11-00A0C91BC942}") = "BreakContinue", "BreakContinue.vcxproj", "{EBF410E6-5743-3B66-A4C1-54A955A6E8A4}"
	ProjectSection(ProjectDependencies) = postProject
		{56568996-9ABC-30E8-AAEC-EB24D4064649} = {56568996-9ABC-30E8-AAEC-EB24D4064649}
	EndProjectSection
EndProject
Project("{8BC9CEB8-8B4A-11D0-8D11-00A0C91BC942}") = "CharArrays", "CharArrays.vcxproj", "{D47E15C9-E337-35E3-84F0-EC7E75A3DD91}"
	ProjectSection(ProjectDependencies) = postProject
		{56568996-9ABC-30E8-AAEC-EB24D4064649} = {56568996-9ABC-30E8-AAEC-EB24D4064649}
	EndProjectSection
EndProject
Project("{8BC9CEB8-8B4A-11D0-8D11-00A0C91BC942}") = "Classes", "Classes.vcxproj", "{46B4DE04-1F17-38F3-B251-2FF443F154F9}"
	ProjectSection(ProjectDependencies) = postProject
		{56568996-9ABC-30E8-AAEC-EB24D4064649} = {56568996-9ABC-30E8-AAEC-EB24D4064649}
	EndProjectSection
EndProject
Project("{8BC9CEB8-8B4A-11D0-8D11-00A0C91BC942}") = "ComparingFloats", "ComparingFloats.vcxproj", "{E4EF266D-9701-366A-9348-5EA532D79A11}"
	ProjectSection(ProjectDependencies) = postProject
		{56568996-9ABC-30E8-AAEC-EB24D4064649} = {56568996-9ABC-30E8-AAEC-EB24D4064649}
	EndProjectSection
EndProject
Project("{8BC9CEB8-8B4A-11D0-8D11-00A0C91BC942}") = "Const", "Const.vcxproj", "{85CA36F2-934E-31A9-988A-C0A681AF1F2E}"
	ProjectSection(ProjectDependencies) = postProject
		{56568996-9ABC-30E8-AAEC-EB24D4064649} = {56568996-9ABC-30E8-AAEC-EB24D4064649}
	EndProjectSection
EndProject
Project("{8BC9CEB8-8B4A-11D0-8D11-00A0C91BC942}") = "ConstructorDestructor", "ConstructorDestructor.vcxproj", "{174A36A2-A4C7-3A3C-A647-33B4CFE56FC5}"
	ProjectSection(ProjectDependencies) = postProject
		{56568996-9ABC-30E8-AAEC-EB24D4064649} = {56568996-9ABC-30E8-AAEC-EB24D4064649}
	EndProjectSection
EndProject
Project("{8BC9CEB8-8B4A-11D0-8D11-00A0C91BC942}") = "ConstructorInitialization", "ConstructorInitialization.vcxproj", "{A15A07B2-6530-37F7-BACE-11BE4530E630}"
	ProjectSection(ProjectDependencies) = postProject
		{56568996-9ABC-30E8-AAEC-EB24D4064649} = {56568996-9ABC-30E8-AAEC-EB24D4064649}
	EndProjectSection
EndProject
Project("{8BC9CEB8-8B4A-11D0-8D11-00A0C91BC942}") = "ConstructorParameters", "ConstructorParameters.vcxproj", "{07CF57C4-68B4-347A-BF94-CF9C108D58CD}"
	ProjectSection(ProjectDependencies) = postProject
		{56568996-9ABC-30E8-AAEC-EB24D4064649} = {56568996-9ABC-30E8-AAEC-EB24D4064649}
	EndProjectSection
EndProject
Project("{8BC9CEB8-8B4A-11D0-8D11-00A0C91BC942}") = "CopyConstructor", "CopyConstructor.vcxproj", "{0E10255B-0BD4-3492-8C58-15B38E2EB392}"
	ProjectSection(ProjectDependencies) = postProject
		{56568996-9ABC-30E8-AAEC-EB24D4064649} = {56568996-9ABC-30E8-AAEC-EB24D4064649}
	EndProjectSection
EndProject
Project("{8BC9CEB8-8B4A-11D0-8D11-00A0C91BC942}") = "DataMembers2", "DataMembers2.vcxproj", "{4D109DC7-E0BE-30C2-AC3E-5B0545CCFEB3}"
	ProjectSection(ProjectDependencies) = postProject
		{56568996-9ABC-30E8-AAEC-EB24D4064649} = {56568996-9ABC-30E8-AAEC-EB24D4064649}
	EndProjectSection
EndProject
Project("{8BC9CEB8-8B4A-11D0-8D11-00A0C91BC942}") = "DoWhile", "DoWhile.vcxproj", "{F3A34BB1-5D2E-352F-9640-313201F5982A}"
	ProjectSection(ProjectDependencies) = postProject
		{56568996-9ABC-30E8-AAEC-EB24D4064649} = {56568996-9ABC-30E8-AAEC-EB24D4064649}
	EndProjectSection
EndProject
Project("{8BC9CEB8-8B4A-11D0-8D11-00A0C91BC942}") = "Encapsulation", "Encapsulation.vcxproj", "{B2420F35-0881-3DD3-9460-8D9A6649CF7F}"
	ProjectSection(ProjectDependencies) = postProject
		{56568996-9ABC-30E8-AAEC-EB24D4064649} = {56568996-9ABC-30E8-AAEC-EB24D4064649}
	EndProjectSection
EndProject
Project("{8BC9CEB8-8B4A-11D0-8D11-00A0C91BC942}") = "FloatingPointType", "FloatingPointType.vcxproj", "{68B9A3D3-C7E4-3EE3-9511-F5B70D4B5D16}"
	ProjectSection(ProjectDependencies) = postProject
		{56568996-9ABC-30E8-AAEC-EB24D4064649} = {56568996-9ABC-30E8-AAEC-EB24D4064649}
	EndProjectSection
EndProject
Project("{8BC9CEB8-8B4A-11D0-8D11-00A0C91BC942}") = "For", "For.vcxproj", "{1417BAD9-4926-31DB-8653-6260F932F4BB}"
	ProjectSection(ProjectDependencies) = postProject
		{56568996-9ABC-30E8-AAEC-EB24D4064649} = {56568996-9ABC-30E8-AAEC-EB24D4064649}
	EndProjectSection
EndProject
Project("{8BC9CEB8-8B4A-11D0-8D11-00A0C91BC942}") = "FunctionParams", "FunctionParams.vcxproj", "{96192029-0BE1-3E64-A8ED-B75575A217BC}"
	ProjectSection(ProjectDependencies) = postProject
		{56568996-9ABC-30E8-AAEC-EB24D4064649} = {56568996-9ABC-30E8-AAEC-EB24D4064649}
	EndProjectSection
EndProject
Project("{8BC9CEB8-8B4A-11D0-8D11-00A0C91BC942}") = "Functions", "Functions.vcxproj", "{1EE74161-61F7-32D4-8459-43BB9DC3BBCB}"
	ProjectSection(ProjectDependencies) = postProject
		{56568996-9ABC-30E8-AAEC-EB24D4064649} = {56568996-9ABC-30E8-AAEC-EB24D4064649}
	EndProjectSection
EndProject
Project("{8BC9CEB8-8B4A-11D0-8D11-00A0C91BC942}") = "GetterSetter", "GetterSetter.vcxproj", "{B88BDFE8-0E5B-3A88-BB4D-D021F6757139}"
	ProjectSection(ProjectDependencies) = postProject
		{56568996-9ABC-30E8-AAEC-EB24D4064649} = {56568996-9ABC-30E8-AAEC-EB24D4064649}
	EndProjectSection
EndProject
Project("{8BC9CEB8-8B4A-11D0-8D11-00A0C91BC942}") = "HelloWorld", "HelloWorld.vcxproj", "{BE212AB9-560D-3210-9B8B-7CDFE70AE62B}"
	ProjectSection(ProjectDependencies) = postProject
		{56568996-9ABC-30E8-AAEC-EB24D4064649} = {56568996-9ABC-30E8-AAEC-EB24D4064649}
	EndProjectSection
EndProject
Project("{8BC9CEB8-8B4A-11D0-8D11-00A0C91BC942}") = "If", "If.vcxproj", "{7343BC36-85E9-30CA-BD3D-5EEC7F95DC65}"
	ProjectSection(ProjectDependencies) = postProject
		{56568996-9ABC-30E8-AAEC-EB24D4064649} = {56568996-9ABC-30E8-AAEC-EB24D4064649}
	EndProjectSection
EndProject
Project("{8BC9CEB8-8B4A-11D0-8D11-00A0C91BC942}") = "IfElse", "IfElse.vcxproj", "{7CAF0496-2B4A-38D5-9A85-289DD3E5FBD4}"
	ProjectSection(ProjectDependencies) = postProject
		{56568996-9ABC-30E8-AAEC-EB24D4064649} = {56568996-9ABC-30E8-AAEC-EB24D4064649}
	EndProjectSection
EndProject
Project("{8BC9CEB8-8B4A-11D0-8D11-00A0C91BC942}") = "IfElseIf", "IfElseIf.vcxproj", "{73199AD4-B562-3576-B920-C72A22175CB3}"
	ProjectSection(ProjectDependencies) = postProject
		{56568996-9ABC-30E8-AAEC-EB24D4064649} = {56568996-9ABC-30E8-AAEC-EB24D4064649}
	EndProjectSection
EndProject
Project("{8BC9CEB8-8B4A-11D0-8D11-00A0C91BC942}") = "Inheritance", "Inheritance.vcxproj", "{87EB4763-9914-3E46-9938-ABB51E45DC05}"
	ProjectSection(ProjectDependencies) = postProject
		{56568996-9ABC-30E8-AAEC-EB24D4064649} = {56568996-9ABC-30E8-AAEC-EB24D4064649}
	EndProjectSection
EndProject
Project("{8BC9CEB8-8B4A-11D0-8D11-00A0C91BC942}") = "InhertitanceConstruction", "InhertitanceConstruction.vcxproj", "{FB65A5B0-4B49-3996-993E-0C6B4FDB5858}"
	ProjectSection(ProjectDependencies) = postProject
		{56568996-9ABC-30E8-AAEC-EB24D4064649} = {56568996-9ABC-30E8-AAEC-EB24D4064649}
	EndProjectSection
EndProject
Project("{8BC9CEB8-8B4A-11D0-8D11-00A0C91BC942}") = "Input", "Input.vcxproj", "{752AC351-B5F3-3DEC-B922-47E9C6F51284}"
	ProjectSection(ProjectDependencies) = postProject
		{56568996-9ABC-30E8-AAEC-EB24D4064649} = {56568996-9ABC-30E8-AAEC-EB24D4064649}
	EndProjectSection
EndProject
Project("{8BC9CEB8-8B4A-11D0-8D11-00A0C91BC942}") = "IntegerTypes", "IntegerTypes.vcxproj", "{6338C705-2CFB-37CB-B467-13D6F5BFEEB0}"
	ProjectSection(ProjectDependencies) = postProject
		{56568996-9ABC-30E8-AAEC-EB24D4064649} = {56568996-9ABC-30E8-AAEC-EB24D4064649}
	EndProjectSection
EndProject
Project("{8BC9CEB8-8B4A-11D0-8D11-00A0C91BC942}") = "MinMax", "MinMax.vcxproj", "{B60AA7DA-8F96-3229-ADB3-563F9C1AC83A}"
	ProjectSection(ProjectDependencies) = postProject
		{56568996-9ABC-30E8-AAEC-EB24D4064649} = {56568996-9ABC-30E8-AAEC-EB24D4064649}
	EndProjectSection
EndProject
Project("{8BC9CEB8-8B4A-11D0-8D11-00A0C91BC942}") = "MultidimensionalArrays", "MultidimensionalArrays.vcxproj", "{CD266757-A212-3A31-A9DB-8C5B3F59B114}"
	ProjectSection(ProjectDependencies) = postProject
		{56568996-9ABC-30E8-AAEC-EB24D4064649} = {56568996-9ABC-30E8-AAEC-EB24D4064649}
	EndProjectSection
EndProject
Project("{8BC9CEB8-8B4A-11D0-8D11-00A0C91BC942}") = "MultipleParams", "MultipleParams.vcxproj", "{B87AF829-11CB-3336-BEF1-26F52941A9E3}"
	ProjectSection(ProjectDependencies) = postProject
		{56568996-9ABC-30E8-AAEC-EB24D4064649} = {56568996-9ABC-30E8-AAEC-EB24D4064649}
	EndProjectSection
EndProject
Project("{8BC9CEB8-8B4A-11D0-8D11-00A0C91BC942}") = "Namespaces", "Namespaces.vcxproj", "{9E86F22C-CF24-3219-8D68-932E63BA27CB}"
	ProjectSection(ProjectDependencies) = postProject
		{56568996-9ABC-30E8-AAEC-EB24D4064649} = {56568996-9ABC-30E8-AAEC-EB24D4064649}
	EndProjectSection
EndProject
Project("{8BC9CEB8-8B4A-11D0-8D11-00A0C91BC942}") = "NewOperator", "NewOperator.vcxproj", "{3A0844D7-2B3F-335D-8DC7-406E03C30D5A}"
	ProjectSection(ProjectDependencies) = postProject
		{56568996-9ABC-30E8-AAEC-EB24D4064649} = {56568996-9ABC-30E8-AAEC-EB24D4064649}
	EndProjectSection
EndProject
Project("{8BC9CEB8-8B4A-11D0-8D11-00A0C91BC942}") = "OtherTypes", "OtherTypes.vcxproj", "{E3108501-531F-3C79-A905-45BA0B6F90FD}"
	ProjectSection(ProjectDependencies) = postProject
		{56568996-9ABC-30E8-AAEC-EB24D4064649} = {56568996-9ABC-30E8-AAEC-EB24D4064649}
	EndProjectSection
EndProject
Project("{8BC9CEB8-8B4A-11D0-8D11-00A0C91BC942}") = "OutputtingText", "OutputtingText.vcxproj", "{54833F91-2D6E-3853-A569-BD9107C4CD6F}"
	ProjectSection(ProjectDependencies) = postProject
		{56568996-9ABC-30E8-AAEC-EB24D4064649} = {56568996-9ABC-30E8-AAEC-EB24D4064649}
	EndProjectSection
EndProject
Project("{8BC9CEB8-8B4A-11D0-8D11-00A0C91BC942}") = "Overriding", "Overriding.vcxproj", "{DDDEB124-B808-382B-AADD-4251E2DF57FD}"
	ProjectSection(ProjectDependencies) = postProject
		{56568996-9ABC-30E8-AAEC-EB24D4064649} = {56568996-9ABC-30E8-AAEC-EB24D4064649}
	EndProjectSection
EndProject
Project("{8BC9CEB8-8B4A-11D0-8D11-00A0C91BC942}") = "PointerArithmetic", "PointerArithmetic.vcxproj", "{0BA5C881-5940-310F-B332-F4CD9CB025BB}"
	ProjectSection(ProjectDependencies) = postProject
		{56568996-9ABC-30E8-AAEC-EB24D4064649} = {56568996-9ABC-30E8-AAEC-EB24D4064649}
	EndProjectSection
EndProject
Project("{8BC9CEB8-8B4A-11D0-8D11-00A0C91BC942}") = "Pointers", "Pointers.vcxproj", "{E5F45551-E47F-3D03-90FA-1EE6F1039300}"
	ProjectSection(ProjectDependencies) = postProject
		{56568996-9ABC-30E8-AAEC-EB24D4064649} = {56568996-9ABC-30E8-AAEC-EB24D4064649}
	EndProjectSection
EndProject
Project("{8BC9CEB8-8B4A-11D0-8D11-00A0C91BC942}") = "PointersArrays", "PointersArrays.vcxproj", "{CC232953-B24B-3CCF-B610-7E6767CA8FBD}"
	ProjectSection(ProjectDependencies) = postProject
		{56568996-9ABC-30E8-AAEC-EB24D4064649} = {56568996-9ABC-30E8-AAEC-EB24D4064649}
	EndProjectSection
EndProject
Project("{8BC9CEB8-8B4A-11D0-8D11-00A0C91BC942}") = "Polymorphism", "Polymorphism.vcxproj", "{6BBF3642-3792-3B3D-AB7F-B98923E94AFA}"
	ProjectSection(ProjectDependencies) = postProject
		{56568996-9ABC-30E8-AAEC-EB24D4064649} = {56568996-9ABC-30E8-AAEC-EB24D4064649}
	EndProjectSection
EndProject
Project("{8BC9CEB8-8B4A-11D0-8D11-00A0C91BC942}") = "PostfixPrefix", "PostfixPrefix.vcxproj", "{DE99986C-7270-33C7-B16A-7125861AB6F5}"
	ProjectSection(ProjectDependencies) = postProject
		{56568996-9ABC-30E8-AAEC-EB24D4064649} = {56568996-9ABC-30E8-AAEC-EB24D4064649}
	EndProjectSection
EndProject
Project("{8BC9CEB8-8B4A-11D0-8D11-00A0C91BC942}") = "PrototypesIncludes", "PrototypesIncludes.vcxproj", "{C3E6026F-389C-3637-9F3B-47184E134A9E}"
	ProjectSection(ProjectDependencies) = postProject
		{56568996-9ABC-30E8-AAEC-EB24D4064649} = {56568996-9ABC-30E8-AAEC-EB24D4064649}
	EndProjectSection
EndProject
Project("{8BC9CEB8-8B4A-11D0-8D11-00A0C91BC942}") = "PublicPrivateProtected", "PublicPrivateProtected.vcxproj", "{551659A5-4828-384C-9D03-1DA071913A87}"
	ProjectSection(ProjectDependencies) = postProject
		{56568996-9ABC-30E8-AAEC-EB24D4064649} = {56568996-9ABC-30E8-AAEC-EB24D4064649}
	EndProjectSection
EndProject
Project("{8BC9CEB8-8B4A-11D0-8D11-00A0C91BC942}") = "References", "References.vcxproj", "{1A46373C-1DBB-347A-A41B-5FF282083ED1}"
	ProjectSection(ProjectDependencies) = postProject
		{56568996-9ABC-30E8-AAEC-EB24D4064649} = {56568996-9ABC-30E8-AAEC-EB24D4064649}
	EndProjectSection
EndProject
Project("{8BC9CEB8-8B4A-11D0-8D11-00A0C91BC942}") = "ReturningObjects", "ReturningObjects.vcxproj", "{BDB82456-1934-3FA3-9D7B-271ACD784614}"
	ProjectSection(ProjectDependencies) = postProject
		{56568996-9ABC-30E8-AAEC-EB24D4064649} = {56568996-9ABC-30E8-AAEC-EB24D4064649}
	EndProjectSection
EndProject
Project("{8BC9CEB8-8B4A-11D0-8D11-00A0C91BC942}") = "ReturningValues", "ReturningValues.vcxproj", "{011DC31F-A2A3-327A-BD8A-1991EC364FF5}"
	ProjectSection(ProjectDependencies) = postProject
		{56568996-9ABC-30E8-AAEC-EB24D4064649} = {56568996-9ABC-30E8-AAEC-EB24D4064649}
	EndProjectSection
EndProject
Project("{8BC9CEB8-8B4A-11D0-8D11-00A0C91BC942}") = "ReverseString", "ReverseString.vcxproj", "{1BF4D73B-BAC9-3750-A380-F41CC7B272D9}"
	ProjectSection(ProjectDependencies) = postProject
		{56568996-9ABC-30E8-AAEC-EB24D4064649} = {56568996-9ABC-30E8-AAEC-EB24D4064649}
	EndProjectSection
EndProject
Project("{8BC9CEB8-8B4A-11D0-8D11-00A0C91BC942}") = "Sizeof", "Sizeof.vcxproj", "{1CFD17B8-F5D5-330E-A9B1-72F8B63A55D6}"
	ProjectSection(ProjectDependencies) = postProject
		{56568996-9ABC-30E8-AAEC-EB24D4064649} = {56568996-9ABC-30E8-AAEC-EB24D4064649}
	EndProjectSection
EndProject
Project("{8BC9CEB8-8B4A-11D0-8D11-00A0C91BC942}") = "SizeofMultidimArray", "SizeofMultidimArray.vcxproj", "{C6D1B792-E363-3F17-8BAB-9ED4B65D3496}"
	ProjectSection(ProjectDependencies) = postProject
		{56568996-9ABC-30E8-AAEC-EB24D4064649} = {56568996-9ABC-30E8-AAEC-EB24D4064649}
	EndProjectSection
EndProject
Project("{8BC9CEB8-8B4A-11D0-8D11-00A0C91BC942}") = "Static", "Static.vcxproj", "{ACA6460A-0A04-3630-9F77-E5365CCD3E7C}"
	ProjectSection(ProjectDependencies) = postProject
		{56568996-9ABC-30E8-AAEC-EB24D4064649} = {56568996-9ABC-30E8-AAEC-EB24D4064649}
	EndProjectSection
EndProject
Project("{8BC9CEB8-8B4A-11D0-8D11-00A0C91BC942}") = "StringStreams", "StringStreams.vcxproj", "{6AE72D72-8D33-3A11-8BCE-DD2E160924FB}"
	ProjectSection(ProjectDependencies) = postProject
		{56568996-9ABC-30E8-AAEC-EB24D4064649} = {56568996-9ABC-30E8-AAEC-EB24D4064649}
	EndProjectSection
EndProject
Project("{8BC9CEB8-8B4A-11D0-8D11-00A0C91BC942}") = "Strings", "Strings.vcxproj", "{38E464DB-1C1A-3876-A274-B3D9647C2463}"
	ProjectSection(ProjectDependencies) = postProject
		{56568996-9ABC-30E8-AAEC-EB24D4064649} = {56568996-9ABC-30E8-AAEC-EB24D4064649}
	EndProjectSection
EndProject
Project("{8BC9CEB8-8B4A-11D0-8D11-00A0C91BC942}") = "Switch", "Switch.vcxproj", "{5CB34729-CB98-33D6-9827-E4D792407883}"
	ProjectSection(ProjectDependencies) = postProject
		{56568996-9ABC-30E8-AAEC-EB24D4064649} = {56568996-9ABC-30E8-AAEC-EB24D4064649}
	EndProjectSection
EndProject
Project("{8BC9CEB8-8B4A-11D0-8D11-00A0C91BC942}") = "TernaryOperator", "TernaryOperator.vcxproj", "{FD79BADA-9BA1-3C60-A6EF-752DF205CD2A}"
	ProjectSection(ProjectDependencies) = postProject
		{56568996-9ABC-30E8-AAEC-EB24D4064649} = {56568996-9ABC-30E8-AAEC-EB24D4064649}
	EndProjectSection
EndProject
Project("{8BC9CEB8-8B4A-11D0-8D11-00A0C91BC942}") = "This", "This.vcxproj", "{5CBF171A-A67D-3DD3-B7D8-1171B40126C9}"
	ProjectSection(ProjectDependencies) = postProject
		{56568996-9ABC-30E8-AAEC-EB24D4064649} = {56568996-9ABC-30E8-AAEC-EB24D4064649}
	EndProjectSection
EndProject
Project("{8BC9CEB8-8B4A-11D0-8D11-00A0C91BC942}") = "TwosComplement", "TwosComplement.vcxproj", "{AB71EA2C-CE2C-343A-859A-516EBE526E53}"
	ProjectSection(ProjectDependencies) = postProject
		{56568996-9ABC-30E8-AAEC-EB24D4064649} = {56568996-9ABC-30E8-AAEC-EB24D4064649}
	EndProjectSection
EndProject
Project("{8BC9CEB8-8B4A-11D0-8D11-00A0C91BC942}") = "Variables", "Variables.vcxproj", "{C49190BE-ED59-36B9-B50D-AFA4D17FFDD6}"
	ProjectSection(ProjectDependencies) = postProject
		{56568996-9ABC-30E8-AAEC-EB24D4064649} = {56568996-9ABC-30E8-AAEC-EB24D4064649}
	EndProjectSection
EndProject
Project("{8BC9CEB8-8B4A-11D0-8D11-00A0C91BC942}") = "While", "While.vcxproj", "{BE949F42-CB5C-37CA-9A96-99AAD8E466A8}"
	ProjectSection(ProjectDependencies) = postProject
		{56568996-9ABC-30E8-AAEC-EB24D4064649} = {56568996-9ABC-30E8-AAEC-EB24D4064649}
	EndProjectSection
EndProject
Project("{8BC9CEB8-8B4A-11D0-8D11-00A0C91BC942}") = "ZERO_CHECK", "ZERO_CHECK.vcxproj", "{56568996-9ABC-30E8-AAEC-EB24D4064649}"
	ProjectSection(ProjectDependencies) = postProject
	EndProjectSection
EndProject
Global
	GlobalSection(SolutionConfigurationPlatforms) = preSolution
		Debug|x64 = Debug|x64
		Release|x64 = Release|x64
		MinSizeRel|x64 = MinSizeRel|x64
		RelWithDebInfo|x64 = RelWithDebInfo|x64
	EndGlobalSection
	GlobalSection(ProjectConfigurationPlatforms) = postSolution
		{884F1C9F-6220-376E-8119-04ACE1A425A1}.Debug|x64.ActiveCfg = Debug|x64
		{884F1C9F-6220-376E-8119-04ACE1A425A1}.Release|x64.ActiveCfg = Release|x64
		{884F1C9F-6220-376E-8119-04ACE1A425A1}.MinSizeRel|x64.ActiveCfg = MinSizeRel|x64
		{884F1C9F-6220-376E-8119-04ACE1A425A1}.RelWithDebInfo|x64.ActiveCfg = RelWithDebInfo|x64
		{8E22926E-C1DE-3233-854F-BE8E518243FD}.Debug|x64.ActiveCfg = Debug|x64
		{8E22926E-C1DE-3233-854F-BE8E518243FD}.Debug|x64.Build.0 = Debug|x64
		{8E22926E-C1DE-3233-854F-BE8E518243FD}.Release|x64.ActiveCfg = Release|x64
		{8E22926E-C1DE-3233-854F-BE8E518243FD}.Release|x64.Build.0 = Release|x64
		{8E22926E-C1DE-3233-854F-BE8E518243FD}.MinSizeRel|x64.ActiveCfg = MinSizeRel|x64
		{8E22926E-C1DE-3233-854F-BE8E518243FD}.MinSizeRel|x64.Build.0 = MinSizeRel|x64
		{8E22926E-C1DE-3233-854F-BE8E518243FD}.RelWithDebInfo|x64.ActiveCfg = RelWithDebInfo|x64
		{8E22926E-C1DE-3233-854F-BE8E518243FD}.RelWithDebInfo|x64.Build.0 = RelWithDebInfo|x64
		{D2384388-CE21-3D09-8A3B-2FB39A00C58B}.Debug|x64.ActiveCfg = Debug|x64
		{D2384388-CE21-3D09-8A3B-2FB39A00C58B}.Debug|x64.Build.0 = Debug|x64
		{D2384388-CE21-3D09-8A3B-2FB39A00C58B}.Release|x64.ActiveCfg = Release|x64
		{D2384388-CE21-3D09-8A3B-2FB39A00C58B}.Release|x64.Build.0 = Release|x64
		{D2384388-CE21-3D09-8A3B-2FB39A00C58B}.MinSizeRel|x64.ActiveCfg = MinSizeRel|x64
		{D2384388-CE21-3D09-8A3B-2FB39A00C58B}.MinSizeRel|x64.Build.0 = MinSizeRel|x64
		{D2384388-CE21-3D09-8A3B-2FB39A00C58B}.RelWithDebInfo|x64.ActiveCfg = RelWithDebInfo|x64
		{D2384388-CE21-3D09-8A3B-2FB39A00C58B}.RelWithDebInfo|x64.Build.0 = RelWithDebInfo|x64
		{11F0CAAB-AF0A-3DAD-944B-8F37FE24A877}.Debug|x64.ActiveCfg = Debug|x64
		{11F0CAAB-AF0A-3DAD-944B-8F37FE24A877}.Debug|x64.Build.0 = Debug|x64
		{11F0CAAB-AF0A-3DAD-944B-8F37FE24A877}.Release|x64.ActiveCfg = Release|x64
		{11F0CAAB-AF0A-3DAD-944B-8F37FE24A877}.Release|x64.Build.0 = Release|x64
		{11F0CAAB-AF0A-3DAD-944B-8F37FE24A877}.MinSizeRel|x64.ActiveCfg = MinSizeRel|x64
		{11F0CAAB-AF0A-3DAD-944B-8F37FE24A877}.MinSizeRel|x64.Build.0 = MinSizeRel|x64
		{11F0CAAB-AF0A-3DAD-944B-8F37FE24A877}.RelWithDebInfo|x64.ActiveCfg = RelWithDebInfo|x64
		{11F0CAAB-AF0A-3DAD-944B-8F37FE24A877}.RelWithDebInfo|x64.Build.0 = RelWithDebInfo|x64
		{EBF410E6-5743-3B66-A4C1-54A955A6E8A4}.Debug|x64.ActiveCfg = Debug|x64
		{EBF410E6-5743-3B66-A4C1-54A955A6E8A4}.Debug|x64.Build.0 = Debug|x64
		{EBF410E6-5743-3B66-A4C1-54A955A6E8A4}.Release|x64.ActiveCfg = Release|x64
		{EBF410E6-5743-3B66-A4C1-54A955A6E8A4}.Release|x64.Build.0 = Release|x64
		{EBF410E6-5743-3B66-A4C1-54A955A6E8A4}.MinSizeRel|x64.ActiveCfg = MinSizeRel|x64
		{EBF410E6-5743-3B66-A4C1-54A955A6E8A4}.MinSizeRel|x64.Build.0 = MinSizeRel|x64
		{EBF410E6-5743-3B66-A4C1-54A955A6E8A4}.RelWithDebInfo|x64.ActiveCfg = RelWithDebInfo|x64
		{EBF410E6-5743-3B66-A4C1-54A955A6E8A4}.RelWithDebInfo|x64.Build.0 = RelWithDebInfo|x64
		{D47E15C9-E337-35E3-84F0-EC7E75A3DD91}.Debug|x64.ActiveCfg = Debug|x64
		{D47E15C9-E337-35E3-84F0-EC7E75A3DD91}.Debug|x64.Build.0 = Debug|x64
		{D47E15C9-E337-35E3-84F0-EC7E75A3DD91}.Release|x64.ActiveCfg = Release|x64
		{D47E15C9-E337-35E3-84F0-EC7E75A3DD91}.Release|x64.Build.0 = Release|x64
		{D47E15C9-E337-35E3-84F0-EC7E75A3DD91}.MinSizeRel|x64.ActiveCfg = MinSizeRel|x64
		{D47E15C9-E337-35E3-84F0-EC7E75A3DD91}.MinSizeRel|x64.Build.0 = MinSizeRel|x64
		{D47E15C9-E337-35E3-84F0-EC7E75A3DD91}.RelWithDebInfo|x64.ActiveCfg = RelWithDebInfo|x64
		{D47E15C9-E337-35E3-84F0-EC7E75A3DD91}.RelWithDebInfo|x64.Build.0 = RelWithDebInfo|x64
		{46B4DE04-1F17-38F3-B251-2FF443F154F9}.Debug|x64.ActiveCfg = Debug|x64
		{46B4DE04-1F17-38F3-B251-2FF443F154F9}.Debug|x64.Build.0 = Debug|x64
		{46B4DE04-1F17-38F3-B251-2FF443F154F9}.Release|x64.ActiveCfg = Release|x64
		{46B4DE04-1F17-38F3-B251-2FF443F154F9}.Release|x64.Build.0 = Release|x64
		{46B4DE04-1F17-38F3-B251-2FF443F154F9}.MinSizeRel|x64.ActiveCfg = MinSizeRel|x64
		{46B4DE04-1F17-38F3-B251-2FF443F154F9}.MinSizeRel|x64.Build.0 = MinSizeRel|x64
		{46B4DE04-1F17-38F3-B251-2FF443F154F9}.RelWithDebInfo|x64.ActiveCfg = RelWithDebInfo|x64
		{46B4DE04-1F17-38F3-B251-2FF443F154F9}.RelWithDebInfo|x64.Build.0 = RelWithDebInfo|x64
		{E4EF266D-9701-366A-9348-5EA532D79A11}.Debug|x64.ActiveCfg = Debug|x64
		{E4EF266D-9701-366A-9348-5EA532D79A11}.Debug|x64.Build.0 = Debug|x64
		{E4EF266D-9701-366A-9348-5EA532D79A11}.Release|x64.ActiveCfg = Release|x64
		{E4EF266D-9701-366A-9348-5EA532D79A11}.Release|x64.Build.0 = Release|x64
		{E4EF266D-9701-366A-9348-5EA532D79A11}.MinSizeRel|x64.ActiveCfg = MinSizeRel|x64
		{E4EF266D-9701-366A-9348-5EA532D79A11}.MinSizeRel|x64.Build.0 = MinSizeRel|x64
		{E4EF266D-9701-366A-9348-5EA532D79A11}.RelWithDebInfo|x64.ActiveCfg = RelWithDebInfo|x64
		{E4EF266D-9701-366A-9348-5EA532D79A11}.RelWithDebInfo|x64.Build.0 = RelWithDebInfo|x64
		{85CA36F2-934E-31A9-988A-C0A681AF1F2E}.Debug|x64.ActiveCfg = Debug|x64
		{85CA36F2-934E-31A9-988A-C0A681AF1F2E}.Debug|x64.Build.0 = Debug|x64
		{85CA36F2-934E-31A9-988A-C0A681AF1F2E}.Release|x64.ActiveCfg = Release|x64
		{85CA36F2-934E-31A9-988A-C0A681AF1F2E}.Release|x64.Build.0 = Release|x64
		{85CA36F2-934E-31A9-988A-C0A681AF1F2E}.MinSizeRel|x64.ActiveCfg = MinSizeRel|x64
		{85CA36F2-934E-31A9-988A-C0A681AF1F2E}.MinSizeRel|x64.Build.0 = MinSizeRel|x64
		{85CA36F2-934E-31A9-988A-C0A681AF1F2E}.RelWithDebInfo|x64.ActiveCfg = RelWithDebInfo|x64
		{85CA36F2-934E-31A9-988A-C0A681AF1F2E}.RelWithDebInfo|x64.Build.0 = RelWithDebInfo|x64
		{174A36A2-A4C7-3A3C-A647-33B4CFE56FC5}.Debug|x64.ActiveCfg = Debug|x64
		{174A36A2-A4C7-3A3C-A647-33B4CFE56FC5}.Debug|x64.Build.0 = Debug|x64
		{174A36A2-A4C7-3A3C-A647-33B4CFE56FC5}.Release|x64.ActiveCfg = Release|x64
		{174A36A2-A4C7-3A3C-A647-33B4CFE56FC5}.Release|x64.Build.0 = Release|x64
		{174A36A2-A4C7-3A3C-A647-33B4CFE56FC5}.MinSizeRel|x64.ActiveCfg = MinSizeRel|x64
		{174A36A2-A4C7-3A3C-A647-33B4CFE56FC5}.MinSizeRel|x64.Build.0 = MinSizeRel|x64
		{174A36A2-A4C7-3A3C-A647-33B4CFE56FC5}.RelWithDebInfo|x64.ActiveCfg = RelWithDebInfo|x64
		{174A36A2-A4C7-3A3C-A647-33B4CFE56FC5}.RelWithDebInfo|x64.Build.0 = RelWithDebInfo|x64
		{A15A07B2-6530-37F7-BACE-11BE4530E630}.Debug|x64.ActiveCfg = Debug|x64
		{A15A07B2-6530-37F7-BACE-11BE4530E630}.Debug|x64.Build.0 = Debug|x64
		{A15A07B2-6530-37F7-BACE-11BE4530E630}.Release|x64.ActiveCfg = Release|x64
		{A15A07B2-6530-37F7-BACE-11BE4530E630}.Release|x64.Build.0 = Release|x64
		{A15A07B2-6530-37F7-BACE-11BE4530E630}.MinSizeRel|x64.ActiveCfg = MinSizeRel|x64
		{A15A07B2-6530-37F7-BACE-11BE4530E630}.MinSizeRel|x64.Build.0 = MinSizeRel|x64
		{A15A07B2-6530-37F7-BACE-11BE4530E630}.RelWithDebInfo|x64.ActiveCfg = RelWithDebInfo|x64
		{A15A07B2-6530-37F7-BACE-11BE4530E630}.RelWithDebInfo|x64.Build.0 = RelWithDebInfo|x64
		{07CF57C4-68B4-347A-BF94-CF9C108D58CD}.Debug|x64.ActiveCfg = Debug|x64
		{07CF57C4-68B4-347A-BF94-CF9C108D58CD}.Debug|x64.Build.0 = Debug|x64
		{07CF57C4-68B4-347A-BF94-CF9C108D58CD}.Release|x64.ActiveCfg = Release|x64
		{07CF57C4-68B4-347A-BF94-CF9C108D58CD}.Release|x64.Build.0 = Release|x64
		{07CF57C4-68B4-347A-BF94-CF9C108D58CD}.MinSizeRel|x64.ActiveCfg = MinSizeRel|x64
		{07CF57C4-68B4-347A-BF94-CF9C108D58CD}.MinSizeRel|x64.Build.0 = MinSizeRel|x64
		{07CF57C4-68B4-347A-BF94-CF9C108D58CD}.RelWithDebInfo|x64.ActiveCfg = RelWithDebInfo|x64
		{07CF57C4-68B4-347A-BF94-CF9C108D58CD}.RelWithDebInfo|x64.Build.0 = RelWithDebInfo|x64
		{0E10255B-0BD4-3492-8C58-15B38E2EB392}.Debug|x64.ActiveCfg = Debug|x64
		{0E10255B-0BD4-3492-8C58-15B38E2EB392}.Debug|x64.Build.0 = Debug|x64
		{0E10255B-0BD4-3492-8C58-15B38E2EB392}.Release|x64.ActiveCfg = Release|x64
		{0E10255B-0BD4-3492-8C58-15B38E2EB392}.Release|x64.Build.0 = Release|x64
		{0E10255B-0BD4-3492-8C58-15B38E2EB392}.MinSizeRel|x64.ActiveCfg = MinSizeRel|x64
		{0E10255B-0BD4-3492-8C58-15B38E2EB392}.MinSizeRel|x64.Build.0 = MinSizeRel|x64
		{0E10255B-0BD4-3492-8C58-15B38E2EB392}.RelWithDebInfo|x64.ActiveCfg = RelWithDebInfo|x64
		{0E10255B-0BD4-3492-8C58-15B38E2EB392}.RelWithDebInfo|x64.Build.0 = RelWithDebInfo|x64
		{4D109DC7-E0BE-30C2-AC3E-5B0545CCFEB3}.Debug|x64.ActiveCfg = Debug|x64
		{4D109DC7-E0BE-30C2-AC3E-5B0545CCFEB3}.Debug|x64.Build.0 = Debug|x64
		{4D109DC7-E0BE-30C2-AC3E-5B0545CCFEB3}.Release|x64.ActiveCfg = Release|x64
		{4D109DC7-E0BE-30C2-AC3E-5B0545CCFEB3}.Release|x64.Build.0 = Release|x64
		{4D109DC7-E0BE-30C2-AC3E-5B0545CCFEB3}.MinSizeRel|x64.ActiveCfg = MinSizeRel|x64
		{4D109DC7-E0BE-30C2-AC3E-5B0545CCFEB3}.MinSizeRel|x64.Build.0 = MinSizeRel|x64
		{4D109DC7-E0BE-30C2-AC3E-5B0545CCFEB3}.RelWithDebInfo|x64.ActiveCfg = RelWithDebInfo|x64
		{4D109DC7-E0BE-30C2-AC3E-5B0545CCFEB3}.RelWithDebInfo|x64.Build.0 = RelWithDebInfo|x64
		{F3A34BB1-5D2E-352F-9640-313201F5982A}.Debug|x64.ActiveCfg = Debug|x64
		{F3A34BB1-5D2E-352F-9640-313201F5982A}.Debug|x64.Build.0 = Debug|x64
		{F3A34BB1-5D2E-352F-9640-313201F5982A}.Release|x64.ActiveCfg = Release|x64
		{F3A34BB1-5D2E-352F-9640-313201F5982A}.Release|x64.Build.0 = Release|x64
		{F3A34BB1-5D2E-352F-9640-313201F5982A}.MinSizeRel|x64.ActiveCfg = MinSizeRel|x64
		{F3A34BB1-5D2E-352F-9640-313201F5982A}.MinSizeRel|x64.Build.0 = MinSizeRel|x64
		{F3A34BB1-5D2E-352F-9640-313201F5982A}.RelWithDebInfo|x64.ActiveCfg = RelWithDebInfo|x64
		{F3A34BB1-5D2E-352F-9640-313201F5982A}.RelWithDebInfo|x64.Build.0 = RelWithDebInfo|x64
		{B2420F35-0881-3DD3-9460-8D9A6649CF7F}.Debug|x64.ActiveCfg = Debug|x64
		{B2420F35-0881-3DD3-9460-8D9A6649CF7F}.Debug|x64.Build.0 = Debug|x64
		{B2420F35-0881-3DD3-9460-8D9A6649CF7F}.Release|x64.ActiveCfg = Release|x64
		{B2420F35-0881-3DD3-9460-8D9A6649CF7F}.Release|x64.Build.0 = Release|x64
		{B2420F35-0881-3DD3-9460-8D9A6649CF7F}.MinSizeRel|x64.ActiveCfg = MinSizeRel|x64
		{B2420F35-0881-3DD3-9460-8D9A6649CF7F}.MinSizeRel|x64.Build.0 = MinSizeRel|x64
		{B2420F35-0881-3DD3-9460-8D9A6649CF7F}.RelWithDebInfo|x64.ActiveCfg = RelWithDebInfo|x64
		{B2420F35-0881-3DD3-9460-8D9A6649CF7F}.RelWithDebInfo|x64.Build.0 = RelWithDebInfo|x64
		{68B9A3D3-C7E4-3EE3-9511-F5B70D4B5D16}.Debug|x64.ActiveCfg = Debug|x64
		{68B9A3D3-C7E4-3EE3-9511-F5B70D4B5D16}.Debug|x64.Build.0 = Debug|x64
		{68B9A3D3-C7E4-3EE3-9511-F5B70D4B5D16}.Release|x64.ActiveCfg = Release|x64
		{68B9A3D3-C7E4-3EE3-9511-F5B70D4B5D16}.Release|x64.Build.0 = Release|x64
		{68B9A3D3-C7E4-3EE3-9511-F5B70D4B5D16}.MinSizeRel|x64.ActiveCfg = MinSizeRel|x64
		{68B9A3D3-C7E4-3EE3-9511-F5B70D4B5D16}.MinSizeRel|x64.Build.0 = MinSizeRel|x64
		{68B9A3D3-C7E4-3EE3-9511-F5B70D4B5D16}.RelWithDebInfo|x64.ActiveCfg = RelWithDebInfo|x64
		{68B9A3D3-C7E4-3EE3-9511-F5B70D4B5D16}.RelWithDebInfo|x64.Build.0 = RelWithDebInfo|x64
		{1417BAD9-4926-31DB-8653-6260F932F4BB}.Debug|x64.ActiveCfg = Debug|x64
		{1417BAD9-4926-31DB-8653-6260F932F4BB}.Debug|x64.Build.0 = Debug|x64
		{1417BAD9-4926-31DB-8653-6260F932F4BB}.Release|x64.ActiveCfg = Release|x64
		{1417BAD9-4926-31DB-8653-6260F932F4BB}.Release|x64.Build.0 = Release|x64
		{1417BAD9-4926-31DB-8653-6260F932F4BB}.MinSizeRel|x64.ActiveCfg = MinSizeRel|x64
		{1417BAD9-4926-31DB-8653-6260F932F4BB}.MinSizeRel|x64.Build.0 = MinSizeRel|x64
		{1417BAD9-4926-31DB-8653-6260F932F4BB}.RelWithDebInfo|x64.ActiveCfg = RelWithDebInfo|x64
		{1417BAD9-4926-31DB-8653-6260F932F4BB}.RelWithDebInfo|x64.Build.0 = RelWithDebInfo|x64
		{96192029-0BE1-3E64-A8ED-B75575A217BC}.Debug|x64.ActiveCfg = Debug|x64
		{96192029-0BE1-3E64-A8ED-B75575A217BC}.Debug|x64.Build.0 = Debug|x64
		{96192029-0BE1-3E64-A8ED-B75575A217BC}.Release|x64.ActiveCfg = Release|x64
		{96192029-0BE1-3E64-A8ED-B75575A217BC}.Release|x64.Build.0 = Release|x64
		{96192029-0BE1-3E64-A8ED-B75575A217BC}.MinSizeRel|x64.ActiveCfg = MinSizeRel|x64
		{96192029-0BE1-3E64-A8ED-B75575A217BC}.MinSizeRel|x64.Build.0 = MinSizeRel|x64
		{96192029-0BE1-3E64-A8ED-B75575A217BC}.RelWithDebInfo|x64.ActiveCfg = RelWithDebInfo|x64
		{96192029-0BE1-3E64-A8ED-B75575A217BC}.RelWithDebInfo|x64.Build.0 = RelWithDebInfo|x64
		{1EE74161-61F7-32D4-8459-43BB9DC3BBCB}.Debug|x64.ActiveCfg = Debug|x64
		{1EE74161-61F7-32D4-8459-43BB9DC3BBCB}.Debug|x64.Build.0 = Debug|x64
		{1EE74161-61F7-32D4-8459-43BB9DC3BBCB}.Release|x64.ActiveCfg = Release|x64
		{1EE74161-61F7-32D4-8459-43BB9DC3BBCB}.Release|x64.Build.0 = Release|x64
		{1EE74161-61F7-32D4-8459-43BB9DC3BBCB}.MinSizeRel|x64.ActiveCfg = MinSizeRel|x64
		{1EE74161-61F7-32D4-8459-43BB9DC3BBCB}.MinSizeRel|x64.Build.0 = MinSizeRel|x64
		{1EE74161-61F7-32D4-8459-43BB9DC3BBCB}.RelWithDebInfo|x64.ActiveCfg = RelWithDebInfo|x64
		{1EE74161-61F7-32D4-8459-43BB9DC3BBCB}.RelWithDebInfo|x64.Build.0 = RelWithDebInfo|x64
		{B88BDFE8-0E5B-3A88-BB4D-D021F6757139}.Debug|x64.ActiveCfg = Debug|x64
		{B88BDFE8-0E5B-3A88-BB4D-D021F6757139}.Debug|x64.Build.0 = Debug|x64
		{B88BDFE8-0E5B-3A88-BB4D-D021F6757139}.Release|x64.ActiveCfg = Release|x64
		{B88BDFE8-0E5B-3A88-BB4D-D021F6757139}.Release|x64.Build.0 = Release|x64
		{B88BDFE8-0E5B-3A88-BB4D-D021F6757139}.MinSizeRel|x64.ActiveCfg = MinSizeRel|x64
		{B88BDFE8-0E5B-3A88-BB4D-D021F6757139}.MinSizeRel|x64.Build.0 = MinSizeRel|x64
		{B88BDFE8-0E5B-3A88-BB4D-D021F6757139}.RelWithDebInfo|x64.ActiveCfg = RelWithDebInfo|x64
		{B88BDFE8-0E5B-3A88-BB4D-D021F6757139}.RelWithDebInfo|x64.Build.0 = RelWithDebInfo|x64
		{BE212AB9-560D-3210-9B8B-7CDFE70AE62B}.Debug|x64.ActiveCfg = Debug|x64
		{BE212AB9-560D-3210-9B8B-7CDFE70AE62B}.Debug|x64.Build.0 = Debug|x64
		{BE212AB9-560D-3210-9B8B-7CDFE70AE62B}.Release|x64.ActiveCfg = Release|x64
		{BE212AB9-560D-3210-9B8B-7CDFE70AE62B}.Release|x64.Build.0 = Release|x64
		{BE212AB9-560D-3210-9B8B-7CDFE70AE62B}.MinSizeRel|x64.ActiveCfg = MinSizeRel|x64
		{BE212AB9-560D-3210-9B8B-7CDFE70AE62B}.MinSizeRel|x64.Build.0 = MinSizeRel|x64
		{BE212AB9-560D-3210-9B8B-7CDFE70AE62B}.RelWithDebInfo|x64.ActiveCfg = RelWithDebInfo|x64
		{BE212AB9-560D-3210-9B8B-7CDFE70AE62B}.RelWithDebInfo|x64.Build.0 = RelWithDebInfo|x64
		{7343BC36-85E9-30CA-BD3D-5EEC7F95DC65}.Debug|x64.ActiveCfg = Debug|x64
		{7343BC36-85E9-30CA-BD3D-5EEC7F95DC65}.Debug|x64.Build.0 = Debug|x64
		{7343BC36-85E9-30CA-BD3D-5EEC7F95DC65}.Release|x64.ActiveCfg = Release|x64
		{7343BC36-85E9-30CA-BD3D-5EEC7F95DC65}.Release|x64.Build.0 = Release|x64
		{7343BC36-85E9-30CA-BD3D-5EEC7F95DC65}.MinSizeRel|x64.ActiveCfg = MinSizeRel|x64
		{7343BC36-85E9-30CA-BD3D-5EEC7F95DC65}.MinSizeRel|x64.Build.0 = MinSizeRel|x64
		{7343BC36-85E9-30CA-BD3D-5EEC7F95DC65}.RelWithDebInfo|x64.ActiveCfg = RelWithDebInfo|x64
		{7343BC36-85E9-30CA-BD3D-5EEC7F95DC65}.RelWithDebInfo|x64.Build.0 = RelWithDebInfo|x64
		{7CAF0496-2B4A-38D5-9A85-289DD3E5FBD4}.Debug|x64.ActiveCfg = Debug|x64
		{7CAF0496-2B4A-38D5-9A85-289DD3E5FBD4}.Debug|x64.Build.0 = Debug|x64
		{7CAF0496-2B4A-38D5-9A85-289DD3E5FBD4}.Release|x64.ActiveCfg = Release|x64
		{7CAF0496-2B4A-38D5-9A85-289DD3E5FBD4}.Release|x64.Build.0 = Release|x64
		{7CAF0496-2B4A-38D5-9A85-289DD3E5FBD4}.MinSizeRel|x64.ActiveCfg = MinSizeRel|x64
		{7CAF0496-2B4A-38D5-9A85-289DD3E5FBD4}.MinSizeRel|x64.Build.0 = MinSizeRel|x64
		{7CAF0496-2B4A-38D5-9A85-289DD3E5FBD4}.RelWithDebInfo|x64.ActiveCfg = RelWithDebInfo|x64
		{7CAF0496-2B4A-38D5-9A85-289DD3E5FBD4}.RelWithDebInfo|x64.Build.0 = RelWithDebInfo|x64
		{73199AD4-B562-3576-B920-C72A22175CB3}.Debug|x64.ActiveCfg = Debug|x64
		{73199AD4-B562-3576-B920-C72A22175CB3}.Debug|x64.Build.0 = Debug|x64
		{73199AD4-B562-3576-B920-C72A22175CB3}.Release|x64.ActiveCfg = Release|x64
		{73199AD4-B562-3576-B920-C72A22175CB3}.Release|x64.Build.0 = Release|x64
		{73199AD4-B562-3576-B920-C72A22175CB3}.MinSizeRel|x64.ActiveCfg = MinSizeRel|x64
		{73199AD4-B562-3576-B920-C72A22175CB3}.MinSizeRel|x64.Build.0 = MinSizeRel|x64
		{73199AD4-B562-3576-B920-C72A22175CB3}.RelWithDebInfo|x64.ActiveCfg = RelWithDebInfo|x64
		{73199AD4-B562-3576-B920-C72A22175CB3}.RelWithDebInfo|x64.Build.0 = RelWithDebInfo|x64
		{87EB4763-9914-3E46-9938-ABB51E45DC05}.Debug|x64.ActiveCfg = Debug|x64
		{87EB4763-9914-3E46-9938-ABB51E45DC05}.Debug|x64.Build.0 = Debug|x64
		{87EB4763-9914-3E46-9938-ABB51E45DC05}.Release|x64.ActiveCfg = Release|x64
		{87EB4763-9914-3E46-9938-ABB51E45DC05}.Release|x64.Build.0 = Release|x64
		{87EB4763-9914-3E46-9938-ABB51E45DC05}.MinSizeRel|x64.ActiveCfg = MinSizeRel|x64
		{87EB4763-9914-3E46-9938-ABB51E45DC05}.MinSizeRel|x64.Build.0 = MinSizeRel|x64
		{87EB4763-9914-3E46-9938-ABB51E45DC05}.RelWithDebInfo|x64.ActiveCfg = RelWithDebInfo|x64
		{87EB4763-9914-3E46-9938-ABB51E45DC05}.RelWithDebInfo|x64.Build.0 = RelWithDebInfo|x64
		{FB65A5B0-4B49-3996-993E-0C6B4FDB5858}.Debug|x64.ActiveCfg = Debug|x64
		{FB65A5B0-4B49-3996-993E-0C6B4FDB5858}.Debug|x64.Build.0 = Debug|x64
		{FB65A5B0-4B49-3996-993E-0C6B4FDB5858}.Release|x64.ActiveCfg = Release|x64
		{FB65A5B0-4B49-3996-993E-0C6B4FDB5858}.Release|x64.Build.0 = Release|x64
		{FB65A5B0-4B49-3996-993E-0C6B4FDB5858}.MinSizeRel|x64.ActiveCfg = MinSizeRel|x64
		{FB65A5B0-4B49-3996-993E-0C6B4FDB5858}.MinSizeRel|x64.Build.0 = MinSizeRel|x64
		{FB65A5B0-4B49-3996-993E-0C6B4FDB5858}.RelWithDebInfo|x64.ActiveCfg = RelWithDebInfo|x64
		{FB65A5B0-4B49-3996-993E-0C6B4FDB5858}.RelWithDebInfo|x64.Build.0 = RelWithDebInfo|x64
		{752AC351-B5F3-3DEC-B922-47E9C6F51284}.Debug|x64.ActiveCfg = Debug|x64
		{752AC351-B5F3-3DEC-B922-47E9C6F51284}.Debug|x64.Build.0 = Debug|x64
		{752AC351-B5F3-3DEC-B922-47E9C6F51284}.Release|x64.ActiveCfg = Release|x64
		{752AC351-B5F3-3DEC-B922-47E9C6F51284}.Release|x64.Build.0 = Release|x64
		{752AC351-B5F3-3DEC-B922-47E9C6F51284}.MinSizeRel|x64.ActiveCfg = MinSizeRel|x64
		{752AC351-B5F3-3DEC-B922-47E9C6F51284}.MinSizeRel|x64.Build.0 = MinSizeRel|x64
		{752AC351-B5F3-3DEC-B922-47E9C6F51284}.RelWithDebInfo|x64.ActiveCfg = RelWithDebInfo|x64
		{752AC351-B5F3-3DEC-B922-47E9C6F51284}.RelWithDebInfo|x64.Build.0 = RelWithDebInfo|x64
		{6338C705-2CFB-37CB-B467-13D6F5BFEEB0}.Debug|x64.ActiveCfg = Debug|x64
		{6338C705-2CFB-37CB-B467-13D6F5BFEEB0}.Debug|x64.Build.0 = Debug|x64
		{6338C705-2CFB-37CB-B467-13D6F5BFEEB0}.Release|x64.ActiveCfg = Release|x64
		{6338C705-2CFB-37CB-B467-13D6F5BFEEB0}.Release|x64.Build.0 = Release|x64
		{6338C705-2CFB-37CB-B467-13D6F5BFEEB0}.MinSizeRel|x64.ActiveCfg = MinSizeRel|x64
		{6338C705-2CFB-37CB-B467-13D6F5BFEEB0}.MinSizeRel|x64.Build.0 = MinSizeRel|x64
		{6338C705-2CFB-37CB-B467-13D6F5BFEEB0}.RelWithDebInfo|x64.ActiveCfg = RelWithDebInfo|x64
		{6338C705-2CFB-37CB-B467-13D6F5BFEEB0}.RelWithDebInfo|x64.Build.0 = RelWithDebInfo|x64
		{B60AA7DA-8F96-3229-ADB3-563F9C1AC83A}.Debug|x64.ActiveCfg = Debug|x64
		{B60AA7DA-8F96-3229-ADB3-563F9C1AC83A}.Debug|x64.Build.0 = Debug|x64
		{B60AA7DA-8F96-3229-ADB3-563F9C1AC83A}.Release|x64.ActiveCfg = Release|x64
		{B60AA7DA-8F96-3229-ADB3-563F9C1AC83A}.Release|x64.Build.0 = Release|x64
		{B60AA7DA-8F96-3229-ADB3-563F9C1AC83A}.MinSizeRel|x64.ActiveCfg = MinSizeRel|x64
		{B60AA7DA-8F96-3229-ADB3-563F9C1AC83A}.MinSizeRel|x64.Build.0 = MinSizeRel|x64
		{B60AA7DA-8F96-3229-ADB3-563F9C1AC83A}.RelWithDebInfo|x64.ActiveCfg = RelWithDebInfo|x64
		{B60AA7DA-8F96-3229-ADB3-563F9C1AC83A}.RelWithDebInfo|x64.Build.0 = RelWithDebInfo|x64
		{CD266757-A212-3A31-A9DB-8C5B3F59B114}.Debug|x64.ActiveCfg = Debug|x64
		{CD266757-A212-3A31-A9DB-8C5B3F59B114}.Debug|x64.Build.0 = Debug|x64
		{CD266757-A212-3A31-A9DB-8C5B3F59B114}.Release|x64.ActiveCfg = Release|x64
		{CD266757-A212-3A31-A9DB-8C5B3F59B114}.Release|x64.Build.0 = Release|x64
		{CD266757-A212-3A31-A9DB-8C5B3F59B114}.MinSizeRel|x64.ActiveCfg = MinSizeRel|x64
		{CD266757-A212-3A31-A9DB-8C5B3F59B114}.MinSizeRel|x64.Build.0 = MinSizeRel|x64
		{CD266757-A212-3A31-A9DB-8C5B3F59B114}.RelWithDebInfo|x64.ActiveCfg = RelWithDebInfo|x64
		{CD266757-A212-3A31-A9DB-8C5B3F59B114}.RelWithDebInfo|x64.Build.0 = RelWithDebInfo|x64
		{B87AF829-11CB-3336-BEF1-26F52941A9E3}.Debug|x64.ActiveCfg = Debug|x64
		{B87AF829-11CB-3336-BEF1-26F52941A9E3}.Debug|x64.Build.0 = Debug|x64
		{B87AF829-11CB-3336-BEF1-26F52941A9E3}.Release|x64.ActiveCfg = Release|x64
		{B87AF829-11CB-3336-BEF1-26F52941A9E3}.Release|x64.Build.0 = Release|x64
		{B87AF829-11CB-3336-BEF1-26F52941A9E3}.MinSizeRel|x64.ActiveCfg = MinSizeRel|x64
		{B87AF829-11CB-3336-BEF1-26F52941A9E3}.MinSizeRel|x64.Build.0 = MinSizeRel|x64
		{B87AF829-11CB-3336-BEF1-26F52941A9E3}.RelWithDebInfo|x64.ActiveCfg = RelWithDebInfo|x64
		{B87AF829-11CB-3336-BEF1-26F52941A9E3}.RelWithDebInfo|x64.Build.0 = RelWithDebInfo|x64
		{9E86F22C-CF24-3219-8D68-932E63BA27CB}.Debug|x64.ActiveCfg = Debug|x64
		{9E86F22C-CF24-3219-8D68-932E63BA27CB}.Debug|x64.Build.0 = Debug|x64
		{9E86F22C-CF24-3219-8D68-932E63BA27CB}.Release|x64.ActiveCfg = Release|x64
		{9E86F22C-CF24-3219-8D68-932E63BA27CB}.Release|x64.Build.0 = Release|x64
		{9E86F22C-CF24-3219-8D68-932E63BA27CB}.MinSizeRel|x64.ActiveCfg = MinSizeRel|x64
		{9E86F22C-CF24-3219-8D68-932E63BA27CB}.MinSizeRel|x64.Build.0 = MinSizeRel|x64
		{9E86F22C-CF24-3219-8D68-932E63BA27CB}.RelWithDebInfo|x64.ActiveCfg = RelWithDebInfo|x64
		{9E86F22C-CF24-3219-8D68-932E63BA27CB}.RelWithDebInfo|x64.Build.0 = RelWithDebInfo|x64
		{3A0844D7-2B3F-335D-8DC7-406E03C30D5A}.Debug|x64.ActiveCfg = Debug|x64
		{3A0844D7-2B3F-335D-8DC7-406E03C30D5A}.Debug|x64.Build.0 = Debug|x64
		{3A0844D7-2B3F-335D-8DC7-406E03C30D5A}.Release|x64.ActiveCfg = Release|x64
		{3A0844D7-2B3F-335D-8DC7-406E03C30D5A}.Release|x64.Build.0 = Release|x64
		{3A0844D7-2B3F-335D-8DC7-406E03C30D5A}.MinSizeRel|x64.ActiveCfg = MinSizeRel|x64
		{3A0844D7-2B3F-335D-8DC7-406E03C30D5A}.MinSizeRel|x64.Build.0 = MinSizeRel|x64
		{3A0844D7-2B3F-335D-8DC7-406E03C30D5A}.RelWithDebInfo|x64.ActiveCfg = RelWithDebInfo|x64
		{3A0844D7-2B3F-335D-8DC7-406E03C30D5A}.RelWithDebInfo|x64.Build.0 = RelWithDebInfo|x64
		{E3108501-531F-3C79-A905-45BA0B6F90FD}.Debug|x64.ActiveCfg = Debug|x64
		{E3108501-531F-3C79-A905-45BA0B6F90FD}.Debug|x64.Build.0 = Debug|x64
		{E3108501-531F-3C79-A905-45BA0B6F90FD}.Release|x64.ActiveCfg = Release|x64
		{E3108501-531F-3C79-A905-45BA0B6F90FD}.Release|x64.Build.0 = Release|x64
		{E3108501-531F-3C79-A905-45BA0B6F90FD}.MinSizeRel|x64.ActiveCfg = MinSizeRel|x64
		{E3108501-531F-3C79-A905-45BA0B6F90FD}.MinSizeRel|x64.Build.0 = MinSizeRel|x64
		{E3108501-531F-3C79-A905-45BA0B6F90FD}.RelWithDebInfo|x64.ActiveCfg = RelWithDebInfo|x64
		{E3108501-531F-3C79-A905-45BA0B6F90FD}.RelWithDebInfo|x64.Build.0 = RelWithDebInfo|x64
		{54833F91-2D6E-3853-A569-BD9107C4CD6F}.Debug|x64.ActiveCfg = Debug|x64
		{54833F91-2D6E-3853-A569-BD9107C4CD6F}.Debug|x64.Build.0 = Debug|x64
		{54833F91-2D6E-3853-A569-BD9107C4CD6F}.Release|x64.ActiveCfg = Release|x64
		{54833F91-2D6E-3853-A569-BD9107C4CD6F}.Release|x64.Build.0 = Release|x64
		{54833F91-2D6E-3853-A569-BD9107C4CD6F}.MinSizeRel|x64.ActiveCfg = MinSizeRel|x64
		{54833F91-2D6E-3853-A569-BD9107C4CD6F}.MinSizeRel|x64.Build.0 = MinSizeRel|x64
		{54833F91-2D6E-3853-A569-BD9107C4CD6F}.RelWithDebInfo|x64.ActiveCfg = RelWithDebInfo|x64
		{54833F91-2D6E-3853-A569-BD9107C4CD6F}.RelWithDebInfo|x64.Build.0 = RelWithDebInfo|x64
		{DDDEB124-B808-382B-AADD-4251E2DF57FD}.Debug|x64.ActiveCfg = Debug|x64
		{DDDEB124-B808-382B-AADD-4251E2DF57FD}.Debug|x64.Build.0 = Debug|x64
		{DDDEB124-B808-382B-AADD-4251E2DF57FD}.Release|x64.ActiveCfg = Release|x64
		{DDDEB124-B808-382B-AADD-4251E2DF57FD}.Release|x64.Build.0 = Release|x64
		{DDDEB124-B808-382B-AADD-4251E2DF57FD}.MinSizeRel|x64.ActiveCfg = MinSizeRel|x64
		{DDDEB124-B808-382B-AADD-4251E2DF57FD}.MinSizeRel|x64.Build.0 = MinSizeRel|x64
		{DDDEB124-B808-382B-AADD-4251E2DF57FD}.RelWithDebInfo|x64.ActiveCfg = RelWithDebInfo|x64
		{DDDEB124-B808-382B-AADD-4251E2DF57FD}.RelWithDebInfo|x64.Build.0 = RelWithDebInfo|x64
		{0BA5C881-5940-310F-B332-F4CD9CB025BB}.Debug|x64.ActiveCfg = Debug|x64
		{0BA5C881-5940-310F-B332-F4CD9CB025BB}.Debug|x64.Build.0 = Debug|x64
		{0BA5C881-5940-310F-B332-F4CD9CB025BB}.Release|x64.ActiveCfg = Release|x64
		{0BA5C881-5940-310F-B332-F4CD9CB025BB}.Release|x64.Build.0 = Release|x64
		{0BA5C881-5940-310F-B332-F4CD9CB025BB}.MinSizeRel|x64.ActiveCfg = MinSizeRel|x64
		{0BA5C881-5940-310F-B332-F4CD9CB025BB}.MinSizeRel|x64.Build.0 = MinSizeRel|x64
		{0BA5C881-5940-310F-B332-F4CD9CB025BB}.RelWithDebInfo|x64.ActiveCfg = RelWithDebInfo|x64
		{0BA5C881-5940-310F-B332-F4CD9CB025BB}.RelWithDebInfo|x64.Build.0 = RelWithDebInfo|x64
		{E5F45551-E47F-3D03-90FA-1EE6F1039300}.Debug|x64.ActiveCfg = Debug|x64
		{E5F45551-E47F-3D03-90FA-1EE6F1039300}.Debug|x64.Build.0 = Debug|x64
		{E5F45551-E47F-3D03-90FA-1EE6F1039300}.Release|x64.ActiveCfg = Release|x64
		{E5F45551-E47F-3D03-90FA-1EE6F1039300}.Release|x64.Build.0 = Release|x64
		{E5F45551-E47F-3D03-90FA-1EE6F1039300}.MinSizeRel|x64.ActiveCfg = MinSizeRel|x64
		{E5F45551-E47F-3D03-90FA-1EE6F1039300}.MinSizeRel|x64.Build.0 = MinSizeRel|x64
		{E5F45551-E47F-3D03-90FA-1EE6F1039300}.RelWithDebInfo|x64.ActiveCfg = RelWithDebInfo|x64
		{E5F45551-E47F-3D03-90FA-1EE6F1039300}.RelWithDebInfo|x64.Build.0 = RelWithDebInfo|x64
		{CC232953-B24B-3CCF-B610-7E6767CA8FBD}.Debug|x64.ActiveCfg = Debug|x64
		{CC232953-B24B-3CCF-B610-7E6767CA8FBD}.Debug|x64.Build.0 = Debug|x64
		{CC232953-B24B-3CCF-B610-7E6767CA8FBD}.Release|x64.ActiveCfg = Release|x64
		{CC232953-B24B-3CCF-B610-7E6767CA8FBD}.Release|x64.Build.0 = Release|x64
		{CC232953-B24B-3CCF-B610-7E6767CA8FBD}.MinSizeRel|x64.ActiveCfg = MinSizeRel|x64
		{CC232953-B24B-3CCF-B610-7E6767CA8FBD}.MinSizeRel|x64.Build.0 = MinSizeRel|x64
		{CC232953-B24B-3CCF-B610-7E6767CA8FBD}.RelWithDebInfo|x64.ActiveCfg = RelWithDebInfo|x64
		{CC232953-B24B-3CCF-B610-7E6767CA8FBD}.RelWithDebInfo|x64.Build.0 = RelWithDebInfo|x64
		{6BBF3642-3792-3B3D-AB7F-B98923E94AFA}.Debug|x64.ActiveCfg = Debug|x64
		{6BBF3642-3792-3B3D-AB7F-B98923E94AFA}.Debug|x64.Build.0 = Debug|x64
		{6BBF3642-3792-3B3D-AB7F-B98923E94AFA}.Release|x64.ActiveCfg = Release|x64
		{6BBF3642-3792-3B3D-AB7F-B98923E94AFA}.Release|x64.Build.0 = Release|x64
		{6BBF3642-3792-3B3D-AB7F-B98923E94AFA}.MinSizeRel|x64.ActiveCfg = MinSizeRel|x64
		{6BBF3642-3792-3B3D-AB7F-B98923E94AFA}.MinSizeRel|x64.Build.0 = MinSizeRel|x64
		{6BBF3642-3792-3B3D-AB7F-B98923E94AFA}.RelWithDebInfo|x64.ActiveCfg = RelWithDebInfo|x64
		{6BBF3642-3792-3B3D-AB7F-B98923E94AFA}.RelWithDebInfo|x64.Build.0 = RelWithDebInfo|x64
		{DE99986C-7270-33C7-B16A-7125861AB6F5}.Debug|x64.ActiveCfg = Debug|x64
		{DE99986C-7270-33C7-B16A-7125861AB6F5}.Debug|x64.Build.0 = Debug|x64
		{DE99986C-7270-33C7-B16A-7125861AB6F5}.Release|x64.ActiveCfg = Release|x64
		{DE99986C-7270-33C7-B16A-7125861AB6F5}.Release|x64.Build.0 = Release|x64
		{DE99986C-7270-33C7-B16A-7125861AB6F5}.MinSizeRel|x64.ActiveCfg = MinSizeRel|x64
		{DE99986C-7270-33C7-B16A-7125861AB6F5}.MinSizeRel|x64.Build.0 = MinSizeRel|x64
		{DE99986C-7270-33C7-B16A-7125861AB6F5}.RelWithDebInfo|x64.ActiveCfg = RelWithDebInfo|x64
		{DE99986C-7270-33C7-B16A-7125861AB6F5}.RelWithDebInfo|x64.Build.0 = RelWithDebInfo|x64
		{C3E6026F-389C-3637-9F3B-47184E134A9E}.Debug|x64.ActiveCfg = Debug|x64
		{C3E6026F-389C-3637-9F3B-47184E134A9E}.Debug|x64.Build.0 = Debug|x64
		{C3E6026F-389C-3637-9F3B-47184E134A9E}.Release|x64.ActiveCfg = Release|x64
		{C3E6026F-389C-3637-9F3B-47184E134A9E}.Release|x64.Build.0 = Release|x64
		{C3E6026F-389C-3637-9F3B-47184E134A9E}.MinSizeRel|x64.ActiveCfg = MinSizeRel|x64
		{C3E6026F-389C-3637-9F3B-47184E134A9E}.MinSizeRel|x64.Build.0 = MinSizeRel|x64
		{C3E6026F-389C-3637-9F3B-47184E134A9E}.RelWithDebInfo|x64.ActiveCfg = RelWithDebInfo|x64
		{C3E6026F-389C-3637-9F3B-47184E134A9E}.RelWithDebInfo|x64.Build.0 = RelWithDebInfo|x64
		{551659A5-4828-384C-9D03-1DA071913A87}.Debug|x64.ActiveCfg = Debug|x64
		{551659A5-4828-384C-9D03-1DA071913A87}.Debug|x64.Build.0 = Debug|x64
		{551659A5-4828-384C-9D03-1DA071913A87}.Release|x64.ActiveCfg = Release|x64
		{551659A5-4828-384C-9D03-1DA071913A87}.Release|x64.Build.0 = Release|x64
		{551659A5-4828-384C-9D03-1DA071913A87}.MinSizeRel|x64.ActiveCfg = MinSizeRel|x64
		{551659A5-4828-384C-9D03-1DA071913A87}.MinSizeRel|x64.Build.0 = MinSizeRel|x64
		{551659A5-4828-384C-9D03-1DA071913A87}.RelWithDebInfo|x64.ActiveCfg = RelWithDebInfo|x64
		{551659A5-4828-384C-9D03-1DA071913A87}.RelWithDebInfo|x64.Build.0 = RelWithDebInfo|x64
		{1A46373C-1DBB-347A-A41B-5FF282083ED1}.Debug|x64.ActiveCfg = Debug|x64
		{1A46373C-1DBB-347A-A41B-5FF282083ED1}.Debug|x64.Build.0 = Debug|x64
		{1A46373C-1DBB-347A-A41B-5FF282083ED1}.Release|x64.ActiveCfg = Release|x64
		{1A46373C-1DBB-347A-A41B-5FF282083ED1}.Release|x64.Build.0 = Release|x64
		{1A46373C-1DBB-347A-A41B-5FF282083ED1}.MinSizeRel|x64.ActiveCfg = MinSizeRel|x64
		{1A46373C-1DBB-347A-A41B-5FF282083ED1}.MinSizeRel|x64.Build.0 = MinSizeRel|x64
		{1A46373C-1DBB-347A-A41B-5FF282083ED1}.RelWithDebInfo|x64.ActiveCfg = RelWithDebInfo|x64
		{1A46373C-1DBB-347A-A41B-5FF282083ED1}.RelWithDebInfo|x64.Build.0 = RelWithDebInfo|x64
		{BDB82456-1934-3FA3-9D7B-271ACD784614}.Debug|x64.ActiveCfg = Debug|x64
		{BDB82456-1934-3FA3-9D7B-271ACD784614}.Debug|x64.Build.0 = Debug|x64
		{BDB82456-1934-3FA3-9D7B-271ACD784614}.Release|x64.ActiveCfg = Release|x64
		{BDB82456-1934-3FA3-9D7B-271ACD784614}.Release|x64.Build.0 = Release|x64
		{BDB82456-1934-3FA3-9D7B-271ACD784614}.MinSizeRel|x64.ActiveCfg = MinSizeRel|x64
		{BDB82456-1934-3FA3-9D7B-271ACD784614}.MinSizeRel|x64.Build.0 = MinSizeRel|x64
		{BDB82456-1934-3FA3-9D7B-271ACD784614}.RelWithDebInfo|x64.ActiveCfg = RelWithDebInfo|x64
		{BDB82456-1934-3FA3-9D7B-271ACD784614}.RelWithDebInfo|x64.Build.0 = RelWithDebInfo|x64
		{011DC31F-A2A3-327A-BD8A-1991EC364FF5}.Debug|x64.ActiveCfg = Debug|x64
		{011DC31F-A2A3-327A-BD8A-1991EC364FF5}.Debug|x64.Build.0 = Debug|x64
		{011DC31F-A2A3-327A-BD8A-1991EC364FF5}.Release|x64.ActiveCfg = Release|x64
		{011DC31F-A2A3-327A-BD8A-1991EC364FF5}.Release|x64.Build.0 = Release|x64
		{011DC31F-A2A3-327A-BD8A-1991EC364FF5}.MinSizeRel|x64.ActiveCfg = MinSizeRel|x64
		{011DC31F-A2A3-327A-BD8A-1991EC364FF5}.MinSizeRel|x64.Build.0 = MinSizeRel|x64
		{011DC31F-A2A3-327A-BD8A-1991EC364FF5}.RelWithDebInfo|x64.ActiveCfg = RelWithDebInfo|x64
		{011DC31F-A2A3-327A-BD8A-1991EC364FF5}.RelWithDebInfo|x64.Build.0 = RelWithDebInfo|x64
		{1BF4D73B-BAC9-3750-A380-F41CC7B272D9}.Debug|x64.ActiveCfg = Debug|x64
		{1BF4D73B-BAC9-3750-A380-F41CC7B272D9}.Debug|x64.Build.0 = Debug|x64
		{1BF4D73B-BAC9-3750-A380-F41CC7B272D9}.Release|x64.ActiveCfg = Release|x64
		{1BF4D73B-BAC9-3750-A380-F41CC7B272D9}.Release|x64.Build.0 = Release|x64
		{1BF4D73B-BAC9-3750-A380-F41CC7B272D9}.MinSizeRel|x64.ActiveCfg = MinSizeRel|x64
		{1BF4D73B-BAC9-3750-A380-F41CC7B272D9}.MinSizeRel|x64.Build.0 = MinSizeRel|x64
		{1BF4D73B-BAC9-3750-A380-F41CC7B272D9}.RelWithDebInfo|x64.ActiveCfg = RelWithDebInfo|x64
		{1BF4D73B-BAC9-3750-A380-F41CC7B272D9}.RelWithDebInfo|x64.Build.0 = RelWithDebInfo|x64
		{1CFD17B8-F5D5-330E-A9B1-72F8B63A55D6}.Debug|x64.ActiveCfg = Debug|x64
		{1CFD17B8-F5D5-330E-A9B1-72F8B63A55D6}.Debug|x64.Build.0 = Debug|x64
		{1CFD17B8-F5D5-330E-A9B1-72F8B63A55D6}.Release|x64.ActiveCfg = Release|x64
		{1CFD17B8-F5D5-330E-A9B1-72F8B63A55D6}.Release|x64.Build.0 = Release|x64
		{1CFD17B8-F5D5-330E-A9B1-72F8B63A55D6}.MinSizeRel|x64.ActiveCfg = MinSizeRel|x64
		{1CFD17B8-F5D5-330E-A9B1-72F8B63A55D6}.MinSizeRel|x64.Build.0 = MinSizeRel|x64
		{1CFD17B8-F5D5-330E-A9B1-72F8B63A55D6}.RelWithDebInfo|x64.ActiveCfg = RelWithDebInfo|x64
		{1CFD17B8-F5D5-330E-A9B1-72F8B63A55D6}.RelWithDebInfo|x64.Build.0 = RelWithDebInfo|x64
		{C6D1B792-E363-3F17-8BAB-9ED4B65D3496}.Debug|x64.ActiveCfg = Debug|x64
		{C6D1B792-E363-3F17-8BAB-9ED4B65D3496}.Debug|x64.Build.0 = Debug|x64
		{C6D1B792-E363-3F17-8BAB-9ED4B65D3496}.Release|x64.ActiveCfg = Release|x64
		{C6D1B792-E363-3F17-8BAB-9ED4B65D3496}.Release|x64.Build.0 = Release|x64
		{C6D1B792-E363-3F17-8BAB-9ED4B65D3496}.MinSizeRel|x64.ActiveCfg = MinSizeRel|x64
		{C6D1B792-E363-3F17-8BAB-9ED4B65D3496}.MinSizeRel|x64.Build.0 = MinSizeRel|x64
		{C6D1B792-E363-3F17-8BAB-9ED4B65D3496}.RelWithDebInfo|x64.ActiveCfg = RelWithDebInfo|x64
		{C6D1B792-E363-3F17-8BAB-9ED4B65D3496}.RelWithDebInfo|x64.Build.0 = RelWithDebInfo|x64
		{ACA6460A-0A04-3630-9F77-E5365CCD3E7C}.Debug|x64.ActiveCfg = Debug|x64
		{ACA6460A-0A04-3630-9F77-E5365CCD3E7C}.Debug|x64.Build.0 = Debug|x64
		{ACA6460A-0A04-3630-9F77-E5365CCD3E7C}.Release|x64.ActiveCfg = Release|x64
		{ACA6460A-0A04-3630-9F77-E5365CCD3E7C}.Release|x64.Build.0 = Release|x64
		{ACA6460A-0A04-3630-9F77-E5365CCD3E7C}.MinSizeRel|x64.ActiveCfg = MinSizeRel|x64
		{ACA6460A-0A04-3630-9F77-E5365CCD3E7C}.MinSizeRel|x64.Build.0 = MinSizeRel|x64
		{ACA6460A-0A04-3630-9F77-E5365CCD3E7C}.RelWithDebInfo|x64.ActiveCfg = RelWithDebInfo|x64
		{ACA6460A-0A04-3630-9F77-E5365CCD3E7C}.RelWithDebInfo|x64.Build.0 = RelWithDebInfo|x64
		{6AE72D72-8D33-3A11-8BCE-DD2E160924FB}.Debug|x64.ActiveCfg = Debug|x64
		{6AE72D72-8D33-3A11-8BCE-DD2E160924FB}.Debug|x64.Build.0 = Debug|x64
		{6AE72D72-8D33-3A11-8BCE-DD2E160924FB}.Release|x64.ActiveCfg = Release|x64
		{6AE72D72-8D33-3A11-8BCE-DD2E160924FB}.Release|x64.Build.0 = Release|x64
		{6AE72D72-8D33-3A11-8BCE-DD2E160924FB}.MinSizeRel|x64.ActiveCfg = MinSizeRel|x64
		{6AE72D72-8D33-3A11-8BCE-DD2E160924FB}.MinSizeRel|x64.Build.0 = MinSizeRel|x64
		{6AE72D72-8D33-3A11-8BCE-DD2E160924FB}.RelWithDebInfo|x64.ActiveCfg = RelWithDebInfo|x64
		{6AE72D72-8D33-3A11-8BCE-DD2E160924FB}.RelWithDebInfo|x64.Build.0 = RelWithDebInfo|x64
		{38E464DB-1C1A-3876-A274-B3D9647C2463}.Debug|x64.ActiveCfg = Debug|x64
		{38E464DB-1C1A-3876-A274-B3D9647C2463}.Debug|x64.Build.0 = Debug|x64
		{38E464DB-1C1A-3876-A274-B3D9647C2463}.Release|x64.ActiveCfg = Release|x64
		{38E464DB-1C1A-3876-A274-B3D9647C2463}.Release|x64.Build.0 = Release|x64
		{38E464DB-1C1A-3876-A274-B3D9647C2463}.MinSizeRel|x64.ActiveCfg = MinSizeRel|x64
		{38E464DB-1C1A-3876-A274-B3D9647C2463}.MinSizeRel|x64.Build.0 = MinSizeRel|x64
		{38E464DB-1C1A-3876-A274-B3D9647C2463}.RelWithDebInfo|x64.ActiveCfg = RelWithDebInfo|x64
		{38E464DB-1C1A-3876-A274-B3D9647C2463}.RelWithDebInfo|x64.Build.0 = RelWithDebInfo|x64
		{5CB34729-CB98-33D6-9827-E4D792407883}.Debug|x64.ActiveCfg = Debug|x64
		{5CB34729-CB98-33D6-9827-E4D792407883}.Debug|x64.Build.0 = Debug|x64
		{5CB34729-CB98-33D6-9827-E4D792407883}.Release|x64.ActiveCfg = Release|x64
		{5CB34729-CB98-33D6-9827-E4D792407883}.Release|x64.Build.0 = Release|x64
		{5CB34729-CB98-33D6-9827-E4D792407883}.MinSizeRel|x64.ActiveCfg = MinSizeRel|x64
		{5CB34729-CB98-33D6-9827-E4D792407883}.MinSizeRel|x64.Build.0 = MinSizeRel|x64
		{5CB34729-CB98-33D6-9827-E4D792407883}.RelWithDebInfo|x64.ActiveCfg = RelWithDebInfo|x64
		{5CB34729-CB98-33D6-9827-E4D792407883}.RelWithDebInfo|x64.Build.0 = RelWithDebInfo|x64
		{FD79BADA-9BA1-3C60-A6EF-752DF205CD2A}.Debug|x64.ActiveCfg = Debug|x64
		{FD79BADA-9BA1-3C60-A6EF-752DF205CD2A}.Debug|x64.Build.0 = Debug|x64
		{FD79BADA-9BA1-3C60-A6EF-752DF205CD2A}.Release|x64.ActiveCfg = Release|x64
		{FD79BADA-9BA1-3C60-A6EF-752DF205CD2A}.Release|x64.Build.0 = Release|x64
		{FD79BADA-9BA1-3C60-A6EF-752DF205CD2A}.MinSizeRel|x64.ActiveCfg = MinSizeRel|x64
		{FD79BADA-9BA1-3C60-A6EF-752DF205CD2A}.MinSizeRel|x64.Build.0 = MinSizeRel|x64
		{FD79BADA-9BA1-3C60-A6EF-752DF205CD2A}.RelWithDebInfo|x64.ActiveCfg = RelWithDebInfo|x64
		{FD79BADA-9BA1-3C60-A6EF-752DF205CD2A}.RelWithDebInfo|x64.Build.0 = RelWithDebInfo|x64
		{5CBF171A-A67D-3DD3-B7D8-1171B40126C9}.Debug|x64.ActiveCfg = Debug|x64
		{5CBF171A-A67D-3DD3-B7D8-1171B40126C9}.Debug|x64.Build.0 = Debug|x64
		{5CBF171A-A67D-3DD3-B7D8-1171B40126C9}.Release|x64.ActiveCfg = Release|x64
		{5CBF171A-A67D-3DD3-B7D8-1171B40126C9}.Release|x64.Build.0 = Release|x64
		{5CBF171A-A67D-3DD3-B7D8-1171B40126C9}.MinSizeRel|x64.ActiveCfg = MinSizeRel|x64
		{5CBF171A-A67D-3DD3-B7D8-1171B40126C9}.MinSizeRel|x64.Build.0 = MinSizeRel|x64
		{5CBF171A-A67D-3DD3-B7D8-1171B40126C9}.RelWithDebInfo|x64.ActiveCfg = RelWithDebInfo|x64
		{5CBF171A-A67D-3DD3-B7D8-1171B40126C9}.RelWithDebInfo|x64.Build.0 = RelWithDebInfo|x64
		{AB71EA2C-CE2C-343A-859A-516EBE526E53}.Debug|x64.ActiveCfg = Debug|x64
		{AB71EA2C-CE2C-343A-859A-516EBE526E53}.Debug|x64.Build.0 = Debug|x64
		{AB71EA2C-CE2C-343A-859A-516EBE526E53}.Release|x64.ActiveCfg = Release|x64
		{AB71EA2C-CE2C-343A-859A-516EBE526E53}.Release|x64.Build.0 = Release|x64
		{AB71EA2C-CE2C-343A-859A-516EBE526E53}.MinSizeRel|x64.ActiveCfg = MinSizeRel|x64
		{AB71EA2C-CE2C-343A-859A-516EBE526E53}.MinSizeRel|x64.Build.0 = MinSizeRel|x64
		{AB71EA2C-CE2C-343A-859A-516EBE526E53}.RelWithDebInfo|x64.ActiveCfg = RelWithDebInfo|x64
		{AB71EA2C-CE2C-343A-859A-516EBE526E53}.RelWithDebInfo|x64.Build.0 = RelWithDebInfo|x64
		{C49190BE-ED59-36B9-B50D-AFA4D17FFDD6}.Debug|x64.ActiveCfg = Debug|x64
		{C49190BE-ED59-36B9-B50D-AFA4D17FFDD6}.Debug|x64.Build.0 = Debug|x64
		{C49190BE-ED59-36B9-B50D-AFA4D17FFDD6}.Release|x64.ActiveCfg = Release|x64
		{C49190BE-ED59-36B9-B50D-AFA4D17FFDD6}.Release|x64.Build.0 = Release|x64
		{C49190BE-ED59-36B9-B50D-AFA4D17FFDD6}.MinSizeRel|x64.ActiveCfg = MinSizeRel|x64
		{C49190BE-ED59-36B9-B50D-AFA4D17FFDD6}.MinSizeRel|x64.Build.0 = MinSizeRel|x64
		{C49190BE-ED59-36B9-B50D-AFA4D17FFDD6}.RelWithDebInfo|x64.ActiveCfg = RelWithDebInfo|x64
		{C49190BE-ED59-36B9-B50D-AFA4D17FFDD6}.RelWithDebInfo|x64.Build.0 = RelWithDebInfo|x64
		{BE949F42-CB5C-37CA-9A96-99AAD8E466A8}.Debug|x64.ActiveCfg = Debug|x64
		{BE949F42-CB5C-37CA-9A96-99AAD8E466A8}.Debug|x64.Build.0 = Debug|x64
		{BE949F42-CB5C-37CA-9A96-99AAD8E466A8}.Release|x64.ActiveCfg = Release|x64
		{BE949F42-CB5C-37CA-9A96-99AAD8E466A8}.Release|x64.Build.0 = Release|x64
		{BE949F42-CB5C-37CA-9A96-99AAD8E466A8}.MinSizeRel|x64.ActiveCfg = MinSizeRel|x64
		{BE949F42-CB5C-37CA-9A96-99AAD8E466A8}.MinSizeRel|x64.Build.0 = MinSizeRel|x64
		{BE949F42-CB5C-37CA-9A96-99AAD8E466A8}.RelWithDebInfo|x64.ActiveCfg = RelWithDebInfo|x64
		{BE949F42-CB5C-37CA-9A96-99AAD8E466A8}.RelWithDebInfo|x64.Build.0 = RelWithDebInfo|x64
		{56568996-9ABC-30E8-AAEC-EB24D4064649}.Debug|x64.ActiveCfg = Debug|x64
		{56568996-9ABC-30E8-AAEC-EB24D4064649}.Debug|x64.Build.0 = Debug|x64
		{56568996-9ABC-30E8-AAEC-EB24D4064649}.Release|x64.ActiveCfg = Release|x64
		{56568996-9ABC-30E8-AAEC-EB24D4064649}.Release|x64.Build.0 = Release|x64
		{56568996-9ABC-30E8-AAEC-EB24D4064649}.MinSizeRel|x64.ActiveCfg = MinSizeRel|x64
		{56568996-9ABC-30E8-AAEC-EB24D4064649}.MinSizeRel|x64.Build.0 = MinSizeRel|x64
		{56568996-9ABC-30E8-AAEC-EB24D4064649}.RelWithDebInfo|x64.ActiveCfg = RelWithDebInfo|x64
		{56568996-9ABC-30E8-AAEC-EB24D4064649}.RelWithDebInfo|x64.Build.0 = RelWithDebInfo|x64
	EndGlobalSection
	GlobalSection(ExtensibilityGlobals) = postSolution
		SolutionGuid = {D022A9A6-444F-300C-8F6D-0D33A0226A53}
	EndGlobalSection
	GlobalSection(ExtensibilityAddIns) = postSolution
	EndGlobalSection
EndGlobal
