<?xml version="1.0" encoding="utf-8"?>
<Project ToolsVersion="16.0" xmlns="http://schemas.microsoft.com/developer/msbuild/2003">
  <ItemGroup>
    <ClCompile Include="C:\alinen\cs312\cplusplus-beginners\if-else\src\if-else.cpp">
      <Filter>Source Files</Filter>
    </ClCompile>
  </ItemGroup>
  <ItemGroup>
    <CustomBuild Include="C:\alinen\cs312\cplusplus-beginners\CMakeLists.txt" />
  </ItemGroup>
  <ItemGroup>
    <Filter Include="Source Files">
      <UniqueIdentifier>{4178886F-1A14-38CE-BA0F-8D2E47E9A3B7}</UniqueIdentifier>
    </Filter>
  </ItemGroup>
</Project>
